
Microsoft Visual Studio Solution File, Format Version 12.00
# Visual Studio Version 17
VisualStudioVersion = 17.8.34309.116
MinimumVisualStudioVersion = 10.0.40219.1
Project("{FAE04EC0-301F-11D3-BF4B-00C04F79EFBC}") = "Projekt_FB", "Projekt_FB\Projekt_FB.csproj", "{A21F2D4D-814A-488E-BEF2-26A16D4AA5C1}"
EndProject
Global
	GlobalSection(SolutionConfigurationPlatforms) = preSolution
		Debug|Any CPU = Debug|Any CPU
		Release|Any CPU = Release|Any CPU
	EndGlobalSection
	GlobalSection(ProjectConfigurationPlatforms) = postSolution
		{A21F2D4D-814A-488E-BEF2-26A16D4AA5C1}.Debug|Any CPU.ActiveCfg = Debug|Any CPU
		{A21F2D4D-814A-488E-BEF2-26A16D4AA5C1}.Debug|Any CPU.Build.0 = Debug|Any CPU
		{A21F2D4D-814A-488E-BEF2-26A16D4AA5C1}.Release|Any CPU.ActiveCfg = Release|Any CPU
		{A21F2D4D-814A-488E-BEF2-26A16D4AA5C1}.Release|Any CPU.Build.0 = Release|Any CPU
	EndGlobalSection
	GlobalSection(SolutionProperties) = preSolution
		HideSolutionNode = FALSE
	EndGlobalSection
	GlobalSection(ExtensibilityGlobals) = postSolution
		SolutionGuid = {70435966-BD3B-4C06-8CDE-92ED9286C08C}
	EndGlobalSection
EndGlobal
